
Microsoft Visual Studio Solution File, Format Version 12.00
# Visual Studio 15
VisualStudioVersion = 15.0.27130.2020
MinimumVisualStudioVersion = 10.0.40219.1
Project("{FAE04EC0-301F-11D3-BF4B-00C04F79EFBC}") = "CalcMizaelMota.Android", "CalcMizaelMota\CalcMizaelMota.Android\CalcMizaelMota.Android.csproj", "{071813EF-AAB2-41CF-9D21-6975C56FD6F5}"
EndProject
Project("{FAE04EC0-301F-11D3-BF4B-00C04F79EFBC}") = "CalcMizaelMota.iOS", "CalcMizaelMota\CalcMizaelMota.iOS\CalcMizaelMota.iOS.csproj", "{FDFBF213-EDA0-46E6-9AD8-D6700B5047BF}"
EndProject
Project("{FAE04EC0-301F-11D3-BF4B-00C04F79EFBC}") = "CalcMizaelMota.UWP", "CalcMizaelMota\CalcMizaelMota.UWP\CalcMizaelMota.UWP.csproj", "{4F283BED-FBBD-4B24-A9EF-5F092F5AC89F}"
EndProject
Project("{FAE04EC0-301F-11D3-BF4B-00C04F79EFBC}") = "CalcMizaelMota", "CalcMizaelMota\CalcMizaelMota\CalcMizaelMota.csproj", "{636E5741-E79E-441E-8590-E16A2E08C365}"
EndProject
Global
	GlobalSection(SolutionConfigurationPlatforms) = preSolution
		Ad-Hoc|Any CPU = Ad-Hoc|Any CPU
		Ad-Hoc|ARM = Ad-Hoc|ARM
		Ad-Hoc|iPhone = Ad-Hoc|iPhone
		Ad-Hoc|iPhoneSimulator = Ad-Hoc|iPhoneSimulator
		Ad-Hoc|x64 = Ad-Hoc|x64
		Ad-Hoc|x86 = Ad-Hoc|x86
		AppStore|Any CPU = AppStore|Any CPU
		AppStore|ARM = AppStore|ARM
		AppStore|iPhone = AppStore|iPhone
		AppStore|iPhoneSimulator = AppStore|iPhoneSimulator
		AppStore|x64 = AppStore|x64
		AppStore|x86 = AppStore|x86
		Debug|Any CPU = Debug|Any CPU
		Debug|ARM = Debug|ARM
		Debug|iPhone = Debug|iPhone
		Debug|iPhoneSimulator = Debug|iPhoneSimulator
		Debug|x64 = Debug|x64
		Debug|x86 = Debug|x86
		Release|Any CPU = Release|Any CPU
		Release|ARM = Release|ARM
		Release|iPhone = Release|iPhone
		Release|iPhoneSimulator = Release|iPhoneSimulator
		Release|x64 = Release|x64
		Release|x86 = Release|x86
	EndGlobalSection
	GlobalSection(ProjectConfigurationPlatforms) = postSolution
		{071813EF-AAB2-41CF-9D21-6975C56FD6F5}.Ad-Hoc|Any CPU.ActiveCfg = Release|Any CPU
		{071813EF-AAB2-41CF-9D21-6975C56FD6F5}.Ad-Hoc|Any CPU.Build.0 = Release|Any CPU
		{071813EF-AAB2-41CF-9D21-6975C56FD6F5}.Ad-Hoc|Any CPU.Deploy.0 = Release|Any CPU
		{071813EF-AAB2-41CF-9D21-6975C56FD6F5}.Ad-Hoc|ARM.ActiveCfg = Release|Any CPU
		{071813EF-AAB2-41CF-9D21-6975C56FD6F5}.Ad-Hoc|ARM.Build.0 = Release|Any CPU
		{071813EF-AAB2-41CF-9D21-6975C56FD6F5}.Ad-Hoc|ARM.Deploy.0 = Release|Any CPU
		{071813EF-AAB2-41CF-9D21-6975C56FD6F5}.Ad-Hoc|iPhone.ActiveCfg = Release|Any CPU
		{071813EF-AAB2-41CF-9D21-6975C56FD6F5}.Ad-Hoc|iPhone.Build.0 = Release|Any CPU
		{071813EF-AAB2-41CF-9D21-6975C56FD6F5}.Ad-Hoc|iPhone.Deploy.0 = Release|Any CPU
		{071813EF-AAB2-41CF-9D21-6975C56FD6F5}.Ad-Hoc|iPhoneSimulator.ActiveCfg = Release|Any CPU
		{071813EF-AAB2-41CF-9D21-6975C56FD6F5}.Ad-Hoc|iPhoneSimulator.Build.0 = Release|Any CPU
		{071813EF-AAB2-41CF-9D21-6975C56FD6F5}.Ad-Hoc|iPhoneSimulator.Deploy.0 = Release|Any CPU
		{071813EF-AAB2-41CF-9D21-6975C56FD6F5}.Ad-Hoc|x64.ActiveCfg = Release|Any CPU
		{071813EF-AAB2-41CF-9D21-6975C56FD6F5}.Ad-Hoc|x64.Build.0 = Release|Any CPU
		{071813EF-AAB2-41CF-9D21-6975C56FD6F5}.Ad-Hoc|x64.Deploy.0 = Release|Any CPU
		{071813EF-AAB2-41CF-9D21-6975C56FD6F5}.Ad-Hoc|x86.ActiveCfg = Release|Any CPU
		{071813EF-AAB2-41CF-9D21-6975C56FD6F5}.Ad-Hoc|x86.Build.0 = Release|Any CPU
		{071813EF-AAB2-41CF-9D21-6975C56FD6F5}.Ad-Hoc|x86.Deploy.0 = Release|Any CPU
		{071813EF-AAB2-41CF-9D21-6975C56FD6F5}.AppStore|Any CPU.ActiveCfg = Release|Any CPU
		{071813EF-AAB2-41CF-9D21-6975C56FD6F5}.AppStore|Any CPU.Build.0 = Release|Any CPU
		{071813EF-AAB2-41CF-9D21-6975C56FD6F5}.AppStore|Any CPU.Deploy.0 = Release|Any CPU
		{071813EF-AAB2-41CF-9D21-6975C56FD6F5}.AppStore|ARM.ActiveCfg = Release|Any CPU
		{071813EF-AAB2-41CF-9D21-6975C56FD6F5}.AppStore|ARM.Build.0 = Release|Any CPU
		{071813EF-AAB2-41CF-9D21-6975C56FD6F5}.AppStore|ARM.Deploy.0 = Release|Any CPU
		{071813EF-AAB2-41CF-9D21-6975C56FD6F5}.AppStore|iPhone.ActiveCfg = Release|Any CPU
		{071813EF-AAB2-41CF-9D21-6975C56FD6F5}.AppStore|iPhone.Build.0 = Release|Any CPU
		{071813EF-AAB2-41CF-9D21-6975C56FD6F5}.AppStore|iPhone.Deploy.0 = Release|Any CPU
		{071813EF-AAB2-41CF-9D21-6975C56FD6F5}.AppStore|iPhoneSimulator.ActiveCfg = Release|Any CPU
		{071813EF-AAB2-41CF-9D21-6975C56FD6F5}.AppStore|iPhoneSimulator.Build.0 = Release|Any CPU
		{071813EF-AAB2-41CF-9D21-6975C56FD6F5}.AppStore|iPhoneSimulator.Deploy.0 = Release|Any CPU
		{071813EF-AAB2-41CF-9D21-6975C56FD6F5}.AppStore|x64.ActiveCfg = Release|Any CPU
		{071813EF-AAB2-41CF-9D21-6975C56FD6F5}.AppStore|x64.Build.0 = Release|Any CPU
		{071813EF-AAB2-41CF-9D21-6975C56FD6F5}.AppStore|x64.Deploy.0 = Release|Any CPU
		{071813EF-AAB2-41CF-9D21-6975C56FD6F5}.AppStore|x86.ActiveCfg = Release|Any CPU
		{071813EF-AAB2-41CF-9D21-6975C56FD6F5}.AppStore|x86.Build.0 = Release|Any CPU
		{071813EF-AAB2-41CF-9D21-6975C56FD6F5}.AppStore|x86.Deploy.0 = Release|Any CPU
		{071813EF-AAB2-41CF-9D21-6975C56FD6F5}.Debug|Any CPU.ActiveCfg = Debug|Any CPU
		{071813EF-AAB2-41CF-9D21-6975C56FD6F5}.Debug|Any CPU.Build.0 = Debug|Any CPU
		{071813EF-AAB2-41CF-9D21-6975C56FD6F5}.Debug|Any CPU.Deploy.0 = Debug|Any CPU
		{071813EF-AAB2-41CF-9D21-6975C56FD6F5}.Debug|ARM.ActiveCfg = Debug|Any CPU
		{071813EF-AAB2-41CF-9D21-6975C56FD6F5}.Debug|ARM.Build.0 = Debug|Any CPU
		{071813EF-AAB2-41CF-9D21-6975C56FD6F5}.Debug|ARM.Deploy.0 = Debug|Any CPU
		{071813EF-AAB2-41CF-9D21-6975C56FD6F5}.Debug|iPhone.ActiveCfg = Debug|Any CPU
		{071813EF-AAB2-41CF-9D21-6975C56FD6F5}.Debug|iPhone.Build.0 = Debug|Any CPU
		{071813EF-AAB2-41CF-9D21-6975C56FD6F5}.Debug|iPhone.Deploy.0 = Debug|Any CPU
		{071813EF-AAB2-41CF-9D21-6975C56FD6F5}.Debug|iPhoneSimulator.ActiveCfg = Debug|Any CPU
		{071813EF-AAB2-41CF-9D21-6975C56FD6F5}.Debug|iPhoneSimulator.Build.0 = Debug|Any CPU
		{071813EF-AAB2-41CF-9D21-6975C56FD6F5}.Debug|iPhoneSimulator.Deploy.0 = Debug|Any CPU
		{071813EF-AAB2-41CF-9D21-6975C56FD6F5}.Debug|x64.ActiveCfg = Debug|Any CPU
		{071813EF-AAB2-41CF-9D21-6975C56FD6F5}.Debug|x64.Build.0 = Debug|Any CPU
		{071813EF-AAB2-41CF-9D21-6975C56FD6F5}.Debug|x64.Deploy.0 = Debug|Any CPU
		{071813EF-AAB2-41CF-9D21-6975C56FD6F5}.Debug|x86.ActiveCfg = Debug|Any CPU
		{071813EF-AAB2-41CF-9D21-6975C56FD6F5}.Debug|x86.Build.0 = Debug|Any CPU
		{071813EF-AAB2-41CF-9D21-6975C56FD6F5}.Debug|x86.Deploy.0 = Debug|Any CPU
		{071813EF-AAB2-41CF-9D21-6975C56FD6F5}.Release|Any CPU.ActiveCfg = Release|Any CPU
		{071813EF-AAB2-41CF-9D21-6975C56FD6F5}.Release|Any CPU.Build.0 = Release|Any CPU
		{071813EF-AAB2-41CF-9D21-6975C56FD6F5}.Release|Any CPU.Deploy.0 = Release|Any CPU
		{071813EF-AAB2-41CF-9D21-6975C56FD6F5}.Release|ARM.ActiveCfg = Release|Any CPU
		{071813EF-AAB2-41CF-9D21-6975C56FD6F5}.Release|ARM.Build.0 = Release|Any CPU
		{071813EF-AAB2-41CF-9D21-6975C56FD6F5}.Release|ARM.Deploy.0 = Release|Any CPU
		{071813EF-AAB2-41CF-9D21-6975C56FD6F5}.Release|iPhone.ActiveCfg = Release|Any CPU
		{071813EF-AAB2-41CF-9D21-6975C56FD6F5}.Release|iPhone.Build.0 = Release|Any CPU
		{071813EF-AAB2-41CF-9D21-6975C56FD6F5}.Release|iPhone.Deploy.0 = Release|Any CPU
		{071813EF-AAB2-41CF-9D21-6975C56FD6F5}.Release|iPhoneSimulator.ActiveCfg = Release|Any CPU
		{071813EF-AAB2-41CF-9D21-6975C56FD6F5}.Release|iPhoneSimulator.Build.0 = Release|Any CPU
		{071813EF-AAB2-41CF-9D21-6975C56FD6F5}.Release|iPhoneSimulator.Deploy.0 = Release|Any CPU
		{071813EF-AAB2-41CF-9D21-6975C56FD6F5}.Release|x64.ActiveCfg = Release|Any CPU
		{071813EF-AAB2-41CF-9D21-6975C56FD6F5}.Release|x64.Build.0 = Release|Any CPU
		{071813EF-AAB2-41CF-9D21-6975C56FD6F5}.Release|x64.Deploy.0 = Release|Any CPU
		{071813EF-AAB2-41CF-9D21-6975C56FD6F5}.Release|x86.ActiveCfg = Release|Any CPU
		{071813EF-AAB2-41CF-9D21-6975C56FD6F5}.Release|x86.Build.0 = Release|Any CPU
		{071813EF-AAB2-41CF-9D21-6975C56FD6F5}.Release|x86.Deploy.0 = Release|Any CPU
		{FDFBF213-EDA0-46E6-9AD8-D6700B5047BF}.Ad-Hoc|Any CPU.ActiveCfg = Ad-Hoc|iPhone
		{FDFBF213-EDA0-46E6-9AD8-D6700B5047BF}.Ad-Hoc|ARM.ActiveCfg = Ad-Hoc|iPhone
		{FDFBF213-EDA0-46E6-9AD8-D6700B5047BF}.Ad-Hoc|iPhone.ActiveCfg = Ad-Hoc|iPhone
		{FDFBF213-EDA0-46E6-9AD8-D6700B5047BF}.Ad-Hoc|iPhone.Build.0 = Ad-Hoc|iPhone
		{FDFBF213-EDA0-46E6-9AD8-D6700B5047BF}.Ad-Hoc|iPhoneSimulator.ActiveCfg = Ad-Hoc|iPhoneSimulator
		{FDFBF213-EDA0-46E6-9AD8-D6700B5047BF}.Ad-Hoc|iPhoneSimulator.Build.0 = Ad-Hoc|iPhoneSimulator
		{FDFBF213-EDA0-46E6-9AD8-D6700B5047BF}.Ad-Hoc|x64.ActiveCfg = Ad-Hoc|iPhone
		{FDFBF213-EDA0-46E6-9AD8-D6700B5047BF}.Ad-Hoc|x86.ActiveCfg = Ad-Hoc|iPhone
		{FDFBF213-EDA0-46E6-9AD8-D6700B5047BF}.AppStore|Any CPU.ActiveCfg = AppStore|iPhone
		{FDFBF213-EDA0-46E6-9AD8-D6700B5047BF}.AppStore|ARM.ActiveCfg = AppStore|iPhone
		{FDFBF213-EDA0-46E6-9AD8-D6700B5047BF}.AppStore|iPhone.ActiveCfg = AppStore|iPhone
		{FDFBF213-EDA0-46E6-9AD8-D6700B5047BF}.AppStore|iPhone.Build.0 = AppStore|iPhone
		{FDFBF213-EDA0-46E6-9AD8-D6700B5047BF}.AppStore|iPhoneSimulator.ActiveCfg = AppStore|iPhoneSimulator
		{FDFBF213-EDA0-46E6-9AD8-D6700B5047BF}.AppStore|iPhoneSimulator.Build.0 = AppStore|iPhoneSimulator
		{FDFBF213-EDA0-46E6-9AD8-D6700B5047BF}.AppStore|x64.ActiveCfg = AppStore|iPhone
		{FDFBF213-EDA0-46E6-9AD8-D6700B5047BF}.AppStore|x86.ActiveCfg = AppStore|iPhone
		{FDFBF213-EDA0-46E6-9AD8-D6700B5047BF}.Debug|Any CPU.ActiveCfg = Debug|iPhone
		{FDFBF213-EDA0-46E6-9AD8-D6700B5047BF}.Debug|ARM.ActiveCfg = Debug|iPhone
		{FDFBF213-EDA0-46E6-9AD8-D6700B5047BF}.Debug|iPhone.ActiveCfg = Debug|iPhone
		{FDFBF213-EDA0-46E6-9AD8-D6700B5047BF}.Debug|iPhone.Build.0 = Debug|iPhone
		{FDFBF213-EDA0-46E6-9AD8-D6700B5047BF}.Debug|iPhoneSimulator.ActiveCfg = Debug|iPhoneSimulator
		{FDFBF213-EDA0-46E6-9AD8-D6700B5047BF}.Debug|iPhoneSimulator.Build.0 = Debug|iPhoneSimulator
		{FDFBF213-EDA0-46E6-9AD8-D6700B5047BF}.Debug|x64.ActiveCfg = Debug|iPhone
		{FDFBF213-EDA0-46E6-9AD8-D6700B5047BF}.Debug|x86.ActiveCfg = Debug|iPhone
		{FDFBF213-EDA0-46E6-9AD8-D6700B5047BF}.Release|Any CPU.ActiveCfg = Release|iPhone
		{FDFBF213-EDA0-46E6-9AD8-D6700B5047BF}.Release|ARM.ActiveCfg = Release|iPhone
		{FDFBF213-EDA0-46E6-9AD8-D6700B5047BF}.Release|iPhone.ActiveCfg = Release|iPhone
		{FDFBF213-EDA0-46E6-9AD8-D6700B5047BF}.Release|iPhone.Build.0 = Release|iPhone
		{FDFBF213-EDA0-46E6-9AD8-D6700B5047BF}.Release|iPhoneSimulator.ActiveCfg = Release|iPhoneSimulator
		{FDFBF213-EDA0-46E6-9AD8-D6700B5047BF}.Release|iPhoneSimulator.Build.0 = Release|iPhoneSimulator
		{FDFBF213-EDA0-46E6-9AD8-D6700B5047BF}.Release|x64.ActiveCfg = Release|iPhone
		{FDFBF213-EDA0-46E6-9AD8-D6700B5047BF}.Release|x86.ActiveCfg = Release|iPhone
		{4F283BED-FBBD-4B24-A9EF-5F092F5AC89F}.Ad-Hoc|Any CPU.ActiveCfg = Release|x86
		{4F283BED-FBBD-4B24-A9EF-5F092F5AC89F}.Ad-Hoc|Any CPU.Build.0 = Release|x86
		{4F283BED-FBBD-4B24-A9EF-5F092F5AC89F}.Ad-Hoc|Any CPU.Deploy.0 = Release|x86
		{4F283BED-FBBD-4B24-A9EF-5F092F5AC89F}.Ad-Hoc|ARM.ActiveCfg = Release|ARM
		{4F283BED-FBBD-4B24-A9EF-5F092F5AC89F}.Ad-Hoc|ARM.Build.0 = Release|ARM
		{4F283BED-FBBD-4B24-A9EF-5F092F5AC89F}.Ad-Hoc|ARM.Deploy.0 = Release|ARM
		{4F283BED-FBBD-4B24-A9EF-5F092F5AC89F}.Ad-Hoc|iPhone.ActiveCfg = Release|x86
		{4F283BED-FBBD-4B24-A9EF-5F092F5AC89F}.Ad-Hoc|iPhone.Build.0 = Release|x86
		{4F283BED-FBBD-4B24-A9EF-5F092F5AC89F}.Ad-Hoc|iPhone.Deploy.0 = Release|x86
		{4F283BED-FBBD-4B24-A9EF-5F092F5AC89F}.Ad-Hoc|iPhoneSimulator.ActiveCfg = Release|x86
		{4F283BED-FBBD-4B24-A9EF-5F092F5AC89F}.Ad-Hoc|iPhoneSimulator.Build.0 = Release|x86
		{4F283BED-FBBD-4B24-A9EF-5F092F5AC89F}.Ad-Hoc|iPhoneSimulator.Deploy.0 = Release|x86
		{4F283BED-FBBD-4B24-A9EF-5F092F5AC89F}.Ad-Hoc|x64.ActiveCfg = Release|x64
		{4F283BED-FBBD-4B24-A9EF-5F092F5AC89F}.Ad-Hoc|x64.Build.0 = Release|x64
		{4F283BED-FBBD-4B24-A9EF-5F092F5AC89F}.Ad-Hoc|x64.Deploy.0 = Release|x64
		{4F283BED-FBBD-4B24-A9EF-5F092F5AC89F}.Ad-Hoc|x86.ActiveCfg = Release|x86
		{4F283BED-FBBD-4B24-A9EF-5F092F5AC89F}.Ad-Hoc|x86.Build.0 = Release|x86
		{4F283BED-FBBD-4B24-A9EF-5F092F5AC89F}.Ad-Hoc|x86.Deploy.0 = Release|x86
		{4F283BED-FBBD-4B24-A9EF-5F092F5AC89F}.AppStore|Any CPU.ActiveCfg = Release|x86
		{4F283BED-FBBD-4B24-A9EF-5F092F5AC89F}.AppStore|Any CPU.Build.0 = Release|x86
		{4F283BED-FBBD-4B24-A9EF-5F092F5AC89F}.AppStore|Any CPU.Deploy.0 = Release|x86
		{4F283BED-FBBD-4B24-A9EF-5F092F5AC89F}.AppStore|ARM.ActiveCfg = Release|ARM
		{4F283BED-FBBD-4B24-A9EF-5F092F5AC89F}.AppStore|ARM.Build.0 = Release|ARM
		{4F283BED-FBBD-4B24-A9EF-5F092F5AC89F}.AppStore|ARM.Deploy.0 = Release|ARM
		{4F283BED-FBBD-4B24-A9EF-5F092F5AC89F}.AppStore|iPhone.ActiveCfg = Release|x86
		{4F283BED-FBBD-4B24-A9EF-5F092F5AC89F}.AppStore|iPhone.Build.0 = Release|x86
		{4F283BED-FBBD-4B24-A9EF-5F092F5AC89F}.AppStore|iPhone.Deploy.0 = Release|x86
		{4F283BED-FBBD-4B24-A9EF-5F092F5AC89F}.AppStore|iPhoneSimulator.ActiveCfg = Release|x86
		{4F283BED-FBBD-4B24-A9EF-5F092F5AC89F}.AppStore|iPhoneSimulator.Build.0 = Release|x86
		{4F283BED-FBBD-4B24-A9EF-5F092F5AC89F}.AppStore|iPhoneSimulator.Deploy.0 = Release|x86
		{4F283BED-FBBD-4B24-A9EF-5F092F5AC89F}.AppStore|x64.ActiveCfg = Release|x64
		{4F283BED-FBBD-4B24-A9EF-5F092F5AC89F}.AppStore|x64.Build.0 = Release|x64
		{4F283BED-FBBD-4B24-A9EF-5F092F5AC89F}.AppStore|x64.Deploy.0 = Release|x64
		{4F283BED-FBBD-4B24-A9EF-5F092F5AC89F}.AppStore|x86.ActiveCfg = Release|x86
		{4F283BED-FBBD-4B24-A9EF-5F092F5AC89F}.AppStore|x86.Build.0 = Release|x86
		{4F283BED-FBBD-4B24-A9EF-5F092F5AC89F}.AppStore|x86.Deploy.0 = Release|x86
		{4F283BED-FBBD-4B24-A9EF-5F092F5AC89F}.Debug|Any CPU.ActiveCfg = Debug|x86
		{4F283BED-FBBD-4B24-A9EF-5F092F5AC89F}.Debug|ARM.ActiveCfg = Debug|ARM
		{4F283BED-FBBD-4B24-A9EF-5F092F5AC89F}.Debug|ARM.Build.0 = Debug|ARM
		{4F283BED-FBBD-4B24-A9EF-5F092F5AC89F}.Debug|ARM.Deploy.0 = Debug|ARM
		{4F283BED-FBBD-4B24-A9EF-5F092F5AC89F}.Debug|iPhone.ActiveCfg = Debug|x86
		{4F283BED-FBBD-4B24-A9EF-5F092F5AC89F}.Debug|iPhoneSimulator.ActiveCfg = Debug|x86
		{4F283BED-FBBD-4B24-A9EF-5F092F5AC89F}.Debug|x64.ActiveCfg = Debug|x64
		{4F283BED-FBBD-4B24-A9EF-5F092F5AC89F}.Debug|x64.Build.0 = Debug|x64
		{4F283BED-FBBD-4B24-A9EF-5F092F5AC89F}.Debug|x64.Deploy.0 = Debug|x64
		{4F283BED-FBBD-4B24-A9EF-5F092F5AC89F}.Debug|x86.ActiveCfg = Debug|x86
		{4F283BED-FBBD-4B24-A9EF-5F092F5AC89F}.Debug|x86.Build.0 = Debug|x86
		{4F283BED-FBBD-4B24-A9EF-5F092F5AC89F}.Debug|x86.Deploy.0 = Debug|x86
		{4F283BED-FBBD-4B24-A9EF-5F092F5AC89F}.Release|Any CPU.ActiveCfg = Release|x86
		{4F283BED-FBBD-4B24-A9EF-5F092F5AC89F}.Release|ARM.ActiveCfg = Release|ARM
		{4F283BED-FBBD-4B24-A9EF-5F092F5AC89F}.Release|ARM.Build.0 = Release|ARM
		{4F283BED-FBBD-4B24-A9EF-5F092F5AC89F}.Release|ARM.Deploy.0 = Release|ARM
		{4F283BED-FBBD-4B24-A9EF-5F092F5AC89F}.Release|iPhone.ActiveCfg = Release|x86
		{4F283BED-FBBD-4B24-A9EF-5F092F5AC89F}.Release|iPhoneSimulator.ActiveCfg = Release|x86
		{4F283BED-FBBD-4B24-A9EF-5F092F5AC89F}.Release|x64.ActiveCfg = Release|x64
		{4F283BED-FBBD-4B24-A9EF-5F092F5AC89F}.Release|x64.Build.0 = Release|x64
		{4F283BED-FBBD-4B24-A9EF-5F092F5AC89F}.Release|x64.Deploy.0 = Release|x64
		{4F283BED-FBBD-4B24-A9EF-5F092F5AC89F}.Release|x86.ActiveCfg = Release|x86
		{4F283BED-FBBD-4B24-A9EF-5F092F5AC89F}.Release|x86.Build.0 = Release|x86
		{4F283BED-FBBD-4B24-A9EF-5F092F5AC89F}.Release|x86.Deploy.0 = Release|x86
		{636E5741-E79E-441E-8590-E16A2E08C365}.Ad-Hoc|Any CPU.ActiveCfg = Debug|Any CPU
		{636E5741-E79E-441E-8590-E16A2E08C365}.Ad-Hoc|Any CPU.Build.0 = Debug|Any CPU
		{636E5741-E79E-441E-8590-E16A2E08C365}.Ad-Hoc|ARM.ActiveCfg = Debug|Any CPU
		{636E5741-E79E-441E-8590-E16A2E08C365}.Ad-Hoc|ARM.Build.0 = Debug|Any CPU
		{636E5741-E79E-441E-8590-E16A2E08C365}.Ad-Hoc|iPhone.ActiveCfg = Debug|Any CPU
		{636E5741-E79E-441E-8590-E16A2E08C365}.Ad-Hoc|iPhone.Build.0 = Debug|Any CPU
		{636E5741-E79E-441E-8590-E16A2E08C365}.Ad-Hoc|iPhoneSimulator.ActiveCfg = Debug|Any CPU
		{636E5741-E79E-441E-8590-E16A2E08C365}.Ad-Hoc|iPhoneSimulator.Build.0 = Debug|Any CPU
		{636E5741-E79E-441E-8590-E16A2E08C365}.Ad-Hoc|x64.ActiveCfg = Debug|Any CPU
		{636E5741-E79E-441E-8590-E16A2E08C365}.Ad-Hoc|x64.Build.0 = Debug|Any CPU
		{636E5741-E79E-441E-8590-E16A2E08C365}.Ad-Hoc|x86.ActiveCfg = Debug|Any CPU
		{636E5741-E79E-441E-8590-E16A2E08C365}.Ad-Hoc|x86.Build.0 = Debug|Any CPU
		{636E5741-E79E-441E-8590-E16A2E08C365}.AppStore|Any CPU.ActiveCfg = Debug|Any CPU
		{636E5741-E79E-441E-8590-E16A2E08C365}.AppStore|Any CPU.Build.0 = Debug|Any CPU
		{636E5741-E79E-441E-8590-E16A2E08C365}.AppStore|ARM.ActiveCfg = Debug|Any CPU
		{636E5741-E79E-441E-8590-E16A2E08C365}.AppStore|ARM.Build.0 = Debug|Any CPU
		{636E5741-E79E-441E-8590-E16A2E08C365}.AppStore|iPhone.ActiveCfg = Debug|Any CPU
		{636E5741-E79E-441E-8590-E16A2E08C365}.AppStore|iPhone.Build.0 = Debug|Any CPU
		{636E5741-E79E-441E-8590-E16A2E08C365}.AppStore|iPhoneSimulator.ActiveCfg = Debug|Any CPU
		{636E5741-E79E-441E-8590-E16A2E08C365}.AppStore|iPhoneSimulator.Build.0 = Debug|Any CPU
		{636E5741-E79E-441E-8590-E16A2E08C365}.AppStore|x64.ActiveCfg = Debug|Any CPU
		{636E5741-E79E-441E-8590-E16A2E08C365}.AppStore|x64.Build.0 = Debug|Any CPU
		{636E5741-E79E-441E-8590-E16A2E08C365}.AppStore|x86.ActiveCfg = Debug|Any CPU
		{636E5741-E79E-441E-8590-E16A2E08C365}.AppStore|x86.Build.0 = Debug|Any CPU
		{636E5741-E79E-441E-8590-E16A2E08C365}.Debug|Any CPU.ActiveCfg = Debug|Any CPU
		{636E5741-E79E-441E-8590-E16A2E08C365}.Debug|Any CPU.Build.0 = Debug|Any CPU
		{636E5741-E79E-441E-8590-E16A2E08C365}.Debug|ARM.ActiveCfg = Debug|Any CPU
		{636E5741-E79E-441E-8590-E16A2E08C365}.Debug|ARM.Build.0 = Debug|Any CPU
		{636E5741-E79E-441E-8590-E16A2E08C365}.Debug|iPhone.ActiveCfg = Debug|Any CPU
		{636E5741-E79E-441E-8590-E16A2E08C365}.Debug|iPhone.Build.0 = Debug|Any CPU
		{636E5741-E79E-441E-8590-E16A2E08C365}.Debug|iPhoneSimulator.ActiveCfg = Debug|Any CPU
		{636E5741-E79E-441E-8590-E16A2E08C365}.Debug|iPhoneSimulator.Build.0 = Debug|Any CPU
		{636E5741-E79E-441E-8590-E16A2E08C365}.Debug|x64.ActiveCfg = Debug|Any CPU
		{636E5741-E79E-441E-8590-E16A2E08C365}.Debug|x64.Build.0 = Debug|Any CPU
		{636E5741-E79E-441E-8590-E16A2E08C365}.Debug|x86.ActiveCfg = Debug|Any CPU
		{636E5741-E79E-441E-8590-E16A2E08C365}.Debug|x86.Build.0 = Debug|Any CPU
		{636E5741-E79E-441E-8590-E16A2E08C365}.Release|Any CPU.ActiveCfg = Release|Any CPU
		{636E5741-E79E-441E-8590-E16A2E08C365}.Release|Any CPU.Build.0 = Release|Any CPU
		{636E5741-E79E-441E-8590-E16A2E08C365}.Release|ARM.ActiveCfg = Release|Any CPU
		{636E5741-E79E-441E-8590-E16A2E08C365}.Release|ARM.Build.0 = Release|Any CPU
		{636E5741-E79E-441E-8590-E16A2E08C365}.Release|iPhone.ActiveCfg = Release|Any CPU
		{636E5741-E79E-441E-8590-E16A2E08C365}.Release|iPhone.Build.0 = Release|Any CPU
		{636E5741-E79E-441E-8590-E16A2E08C365}.Release|iPhoneSimulator.ActiveCfg = Release|Any CPU
		{636E5741-E79E-441E-8590-E16A2E08C365}.Release|iPhoneSimulator.Build.0 = Release|Any CPU
		{636E5741-E79E-441E-8590-E16A2E08C365}.Release|x64.ActiveCfg = Release|Any CPU
		{636E5741-E79E-441E-8590-E16A2E08C365}.Release|x64.Build.0 = Release|Any CPU
		{636E5741-E79E-441E-8590-E16A2E08C365}.Release|x86.ActiveCfg = Release|Any CPU
		{636E5741-E79E-441E-8590-E16A2E08C365}.Release|x86.Build.0 = Release|Any CPU
	EndGlobalSection
	GlobalSection(SolutionProperties) = preSolution
		HideSolutionNode = FALSE
	EndGlobalSection
	GlobalSection(ExtensibilityGlobals) = postSolution
		SolutionGuid = {1ABC0906-7249-4561-A6D9-89C8FFA89DB5}
	EndGlobalSection
EndGlobal
